// !$*UTF8*$!
{
	archiveVersion = 1;
	classes = {
	};
	objectVersion = 56;
	objects = {

/* Begin PBXBuildFile section */
		C94AA74D2AB1B806005708A4 /* WhoPaysController.swift in Sources */ = {isa = PBXBuildFile; fileRef = C94AA74C2AB1B806005708A4 /* WhoPaysController.swift */; };
		C94AA74F2AB1B811005708A4 /* WhoPaysView.swift in Sources */ = {isa = PBXBuildFile; fileRef = C94AA74E2AB1B811005708A4 /* WhoPaysView.swift */; };
		C94AA7512AB1B854005708A4 /* ResultsPageView.swift in Sources */ = {isa = PBXBuildFile; fileRef = C94AA7502AB1B854005708A4 /* ResultsPageView.swift */; };
		C94AA7532AB1B862005708A4 /* ResultsPageController.swift in Sources */ = {isa = PBXBuildFile; fileRef = C94AA7522AB1B862005708A4 /* ResultsPageController.swift */; };
		C94AA7552AB1BA5A005708A4 /* NamesScrollView.swift in Sources */ = {isa = PBXBuildFile; fileRef = C94AA7542AB1BA5A005708A4 /* NamesScrollView.swift */; };
		C9FDC8AB2AB0673D00E2172A /* AppDelegate.swift in Sources */ = {isa = PBXBuildFile; fileRef = C9FDC8AA2AB0673D00E2172A /* AppDelegate.swift */; };
		C9FDC8AD2AB0673D00E2172A /* SceneDelegate.swift in Sources */ = {isa = PBXBuildFile; fileRef = C9FDC8AC2AB0673D00E2172A /* SceneDelegate.swift */; };
		C9FDC8AF2AB0673D00E2172A /* MainViewController.swift in Sources */ = {isa = PBXBuildFile; fileRef = C9FDC8AE2AB0673D00E2172A /* MainViewController.swift */; };
		C9FDC8B22AB0673D00E2172A /* Main.storyboard in Resources */ = {isa = PBXBuildFile; fileRef = C9FDC8B02AB0673D00E2172A /* Main.storyboard */; };
		C9FDC8B42AB0673E00E2172A /* Assets.xcassets in Resources */ = {isa = PBXBuildFile; fileRef = C9FDC8B32AB0673E00E2172A /* Assets.xcassets */; };
		C9FDC8B72AB0673E00E2172A /* LaunchScreen.storyboard in Resources */ = {isa = PBXBuildFile; fileRef = C9FDC8B52AB0673E00E2172A /* LaunchScreen.storyboard */; };
		C9FDC8C42AB067F200E2172A /* UIFunctions.swift in Sources */ = {isa = PBXBuildFile; fileRef = C9FDC8C32AB067F200E2172A /* UIFunctions.swift */; };
		C9FDC8C62AB0763900E2172A /* TextFieldView.swift in Sources */ = {isa = PBXBuildFile; fileRef = C9FDC8C52AB0763900E2172A /* TextFieldView.swift */; };
		C9FDC8C82AB0764F00E2172A /* ResultView.swift in Sources */ = {isa = PBXBuildFile; fileRef = C9FDC8C72AB0764F00E2172A /* ResultView.swift */; };
		C9FDC8CA2AB07B0800E2172A /* MainScreenView.swift in Sources */ = {isa = PBXBuildFile; fileRef = C9FDC8C92AB07B0800E2172A /* MainScreenView.swift */; };
		C9FDC8CC2AB09DFC00E2172A /* PayingTogetherView.swift in Sources */ = {isa = PBXBuildFile; fileRef = C9FDC8CB2AB09DFC00E2172A /* PayingTogetherView.swift */; };
		C9FDC8CE2AB09E2700E2172A /* PayingTogetherController.swift in Sources */ = {isa = PBXBuildFile; fileRef = C9FDC8CD2AB09E2700E2172A /* PayingTogetherController.swift */; };
/* End PBXBuildFile section */

/* Begin PBXFileReference section */
		C94AA74C2AB1B806005708A4 /* WhoPaysController.swift */ = {isa = PBXFileReference; lastKnownFileType = sourcecode.swift; path = WhoPaysController.swift; sourceTree = "<group>"; };
		C94AA74E2AB1B811005708A4 /* WhoPaysView.swift */ = {isa = PBXFileReference; lastKnownFileType = sourcecode.swift; path = WhoPaysView.swift; sourceTree = "<group>"; };
		C94AA7502AB1B854005708A4 /* ResultsPageView.swift */ = {isa = PBXFileReference; lastKnownFileType = sourcecode.swift; path = ResultsPageView.swift; sourceTree = "<group>"; };
		C94AA7522AB1B862005708A4 /* ResultsPageController.swift */ = {isa = PBXFileReference; lastKnownFileType = sourcecode.swift; path = ResultsPageController.swift; sourceTree = "<group>"; };
		C94AA7542AB1BA5A005708A4 /* NamesScrollView.swift */ = {isa = PBXFileReference; lastKnownFileType = sourcecode.swift; path = NamesScrollView.swift; sourceTree = "<group>"; };
		C9FDC8A72AB0673D00E2172A /* Billy.app */ = {isa = PBXFileReference; explicitFileType = wrapper.application; includeInIndex = 0; path = Billy.app; sourceTree = BUILT_PRODUCTS_DIR; };
		C9FDC8AA2AB0673D00E2172A /* AppDelegate.swift */ = {isa = PBXFileReference; lastKnownFileType = sourcecode.swift; path = AppDelegate.swift; sourceTree = "<group>"; };
		C9FDC8AC2AB0673D00E2172A /* SceneDelegate.swift */ = {isa = PBXFileReference; lastKnownFileType = sourcecode.swift; path = SceneDelegate.swift; sourceTree = "<group>"; };
		C9FDC8AE2AB0673D00E2172A /* MainViewController.swift */ = {isa = PBXFileReference; lastKnownFileType = sourcecode.swift; path = MainViewController.swift; sourceTree = "<group>"; };
		C9FDC8B12AB0673D00E2172A /* Base */ = {isa = PBXFileReference; lastKnownFileType = file.storyboard; name = Base; path = Base.lproj/Main.storyboard; sourceTree = "<group>"; };
		C9FDC8B32AB0673E00E2172A /* Assets.xcassets */ = {isa = PBXFileReference; lastKnownFileType = folder.assetcatalog; path = Assets.xcassets; sourceTree = "<group>"; };
		C9FDC8B62AB0673E00E2172A /* Base */ = {isa = PBXFileReference; lastKnownFileType = file.storyboard; name = Base; path = Base.lproj/LaunchScreen.storyboard; sourceTree = "<group>"; };
		C9FDC8B82AB0673E00E2172A /* Info.plist */ = {isa = PBXFileReference; lastKnownFileType = text.plist.xml; path = Info.plist; sourceTree = "<group>"; };
		C9FDC8C32AB067F200E2172A /* UIFunctions.swift */ = {isa = PBXFileReference; lastKnownFileType = sourcecode.swift; path = UIFunctions.swift; sourceTree = "<group>"; };
		C9FDC8C52AB0763900E2172A /* TextFieldView.swift */ = {isa = PBXFileReference; lastKnownFileType = sourcecode.swift; path = TextFieldView.swift; sourceTree = "<group>"; };
		C9FDC8C72AB0764F00E2172A /* ResultView.swift */ = {isa = PBXFileReference; lastKnownFileType = sourcecode.swift; path = ResultView.swift; sourceTree = "<group>"; };
		C9FDC8C92AB07B0800E2172A /* MainScreenView.swift */ = {isa = PBXFileReference; lastKnownFileType = sourcecode.swift; path = MainScreenView.swift; sourceTree = "<group>"; };
		C9FDC8CB2AB09DFC00E2172A /* PayingTogetherView.swift */ = {isa = PBXFileReference; lastKnownFileType = sourcecode.swift; path = PayingTogetherView.swift; sourceTree = "<group>"; };
		C9FDC8CD2AB09E2700E2172A /* PayingTogetherController.swift */ = {isa = PBXFileReference; lastKnownFileType = sourcecode.swift; path = PayingTogetherController.swift; sourceTree = "<group>"; };
/* End PBXFileReference section */

/* Begin PBXFrameworksBuildPhase section */
		C9FDC8A42AB0673D00E2172A /* Frameworks */ = {
			isa = PBXFrameworksBuildPhase;
			buildActionMask = 2147483647;
			files = (
			);
			runOnlyForDeploymentPostprocessing = 0;
		};
/* End PBXFrameworksBuildPhase section */

/* Begin PBXGroup section */
		C9FDC89E2AB0673D00E2172A = {
			isa = PBXGroup;
			children = (
				C9FDC8A92AB0673D00E2172A /* Billy */,
				C9FDC8A82AB0673D00E2172A /* Products */,
			);
			sourceTree = "<group>";
		};
		C9FDC8A82AB0673D00E2172A /* Products */ = {
			isa = PBXGroup;
			children = (
				C9FDC8A72AB0673D00E2172A /* Billy.app */,
			);
			name = Products;
			sourceTree = "<group>";
		};
		C9FDC8A92AB0673D00E2172A /* Billy */ = {
			isa = PBXGroup;
			children = (
				C9FDC8BE2AB0678500E2172A /* Model */,
				C9FDC8BF2AB0679A00E2172A /* View */,
				C9FDC8C02AB067A200E2172A /* Controller */,
				C9FDC8AA2AB0673D00E2172A /* AppDelegate.swift */,
				C9FDC8AC2AB0673D00E2172A /* SceneDelegate.swift */,
				C9FDC8B02AB0673D00E2172A /* Main.storyboard */,
				C9FDC8B32AB0673E00E2172A /* Assets.xcassets */,
				C9FDC8B52AB0673E00E2172A /* LaunchScreen.storyboard */,
				C9FDC8B82AB0673E00E2172A /* Info.plist */,
			);
			path = Billy;
			sourceTree = "<group>";
		};
		C9FDC8BE2AB0678500E2172A /* Model */ = {
			isa = PBXGroup;
			children = (
			);
			path = Model;
			sourceTree = "<group>";
		};
		C9FDC8BF2AB0679A00E2172A /* View */ = {
			isa = PBXGroup;
			children = (
				C9FDC8C32AB067F200E2172A /* UIFunctions.swift */,
				C9FDC8C52AB0763900E2172A /* TextFieldView.swift */,
				C9FDC8C72AB0764F00E2172A /* ResultView.swift */,
				C9FDC8C92AB07B0800E2172A /* MainScreenView.swift */,
				C9FDC8CB2AB09DFC00E2172A /* PayingTogetherView.swift */,
				C94AA7542AB1BA5A005708A4 /* NamesScrollView.swift */,
				C94AA74E2AB1B811005708A4 /* WhoPaysView.swift */,
				C94AA7502AB1B854005708A4 /* ResultsPageView.swift */,
			);
			path = View;
			sourceTree = "<group>";
		};
		C9FDC8C02AB067A200E2172A /* Controller */ = {
			isa = PBXGroup;
			children = (
				C9FDC8AE2AB0673D00E2172A /* MainViewController.swift */,
				C9FDC8CD2AB09E2700E2172A /* PayingTogetherController.swift */,
				C94AA74C2AB1B806005708A4 /* WhoPaysController.swift */,
				C94AA7522AB1B862005708A4 /* ResultsPageController.swift */,
			);
			path = Controller;
			sourceTree = "<group>";
		};
/* End PBXGroup section */

/* Begin PBXNativeTarget section */
		C9FDC8A62AB0673D00E2172A /* Billy */ = {
			isa = PBXNativeTarget;
			buildConfigurationList = C9FDC8BB2AB0673E00E2172A /* Build configuration list for PBXNativeTarget "Billy" */;
			buildPhases = (
				C9FDC8A32AB0673D00E2172A /* Sources */,
				C9FDC8A42AB0673D00E2172A /* Frameworks */,
				C9FDC8A52AB0673D00E2172A /* Resources */,
			);
			buildRules = (
			);
			dependencies = (
			);
			name = Billy;
			productName = Billy;
			productReference = C9FDC8A72AB0673D00E2172A /* Billy.app */;
			productType = "com.apple.product-type.application";
		};
/* End PBXNativeTarget section */

/* Begin PBXProject section */
		C9FDC89F2AB0673D00E2172A /* Project object */ = {
			isa = PBXProject;
			attributes = {
				BuildIndependentTargetsInParallel = 1;
				LastSwiftUpdateCheck = 1430;
				LastUpgradeCheck = 1430;
				TargetAttributes = {
					C9FDC8A62AB0673D00E2172A = {
						CreatedOnToolsVersion = 14.3.1;
					};
				};
			};
			buildConfigurationList = C9FDC8A22AB0673D00E2172A /* Build configuration list for PBXProject "Billy" */;
			compatibilityVersion = "Xcode 14.0";
			developmentRegion = en;
			hasScannedForEncodings = 0;
			knownRegions = (
				en,
				Base,
			);
			mainGroup = C9FDC89E2AB0673D00E2172A;
			productRefGroup = C9FDC8A82AB0673D00E2172A /* Products */;
			projectDirPath = "";
			projectRoot = "";
			targets = (
				C9FDC8A62AB0673D00E2172A /* Billy */,
			);
		};
/* End PBXProject section */

/* Begin PBXResourcesBuildPhase section */
		C9FDC8A52AB0673D00E2172A /* Resources */ = {
			isa = PBXResourcesBuildPhase;
			buildActionMask = 2147483647;
			files = (
				C9FDC8B72AB0673E00E2172A /* LaunchScreen.storyboard in Resources */,
				C9FDC8B42AB0673E00E2172A /* Assets.xcassets in Resources */,
				C9FDC8B22AB0673D00E2172A /* Main.storyboard in Resources */,
			);
			runOnlyForDeploymentPostprocessing = 0;
		};
/* End PBXResourcesBuildPhase section */

/* Begin PBXSourcesBuildPhase section */
		C9FDC8A32AB0673D00E2172A /* Sources */ = {
			isa = PBXSourcesBuildPhase;
			buildActionMask = 2147483647;
			files = (
				C9FDC8CC2AB09DFC00E2172A /* PayingTogetherView.swift in Sources */,
				C9FDC8AF2AB0673D00E2172A /* MainViewController.swift in Sources */,
				C94AA7532AB1B862005708A4 /* ResultsPageController.swift in Sources */,
				C9FDC8C62AB0763900E2172A /* TextFieldView.swift in Sources */,
				C94AA7552AB1BA5A005708A4 /* NamesScrollView.swift in Sources */,
				C9FDC8CA2AB07B0800E2172A /* MainScreenView.swift in Sources */,
				C9FDC8AB2AB0673D00E2172A /* AppDelegate.swift in Sources */,
				C9FDC8AD2AB0673D00E2172A /* SceneDelegate.swift in Sources */,
				C9FDC8C42AB067F200E2172A /* UIFunctions.swift in Sources */,
				C94AA74D2AB1B806005708A4 /* WhoPaysController.swift in Sources */,
				C9FDC8C82AB0764F00E2172A /* ResultView.swift in Sources */,
				C9FDC8CE2AB09E2700E2172A /* PayingTogetherController.swift in Sources */,
				C94AA7512AB1B854005708A4 /* ResultsPageView.swift in Sources */,
				C94AA74F2AB1B811005708A4 /* WhoPaysView.swift in Sources */,
			);
			runOnlyForDeploymentPostprocessing = 0;
		};
/* End PBXSourcesBuildPhase section */

/* Begin PBXVariantGroup section */
		C9FDC8B02AB0673D00E2172A /* Main.storyboard */ = {
			isa = PBXVariantGroup;
			children = (
				C9FDC8B12AB0673D00E2172A /* Base */,
			);
			name = Main.storyboard;
			sourceTree = "<group>";
		};
		C9FDC8B52AB0673E00E2172A /* LaunchScreen.storyboard */ = {
			isa = PBXVariantGroup;
			children = (
				C9FDC8B62AB0673E00E2172A /* Base */,
			);
			name = LaunchScreen.storyboard;
			sourceTree = "<group>";
		};
/* End PBXVariantGroup section */

/* Begin XCBuildConfiguration section */
		C9FDC8B92AB0673E00E2172A /* Debug */ = {
			isa = XCBuildConfiguration;
			buildSettings = {
				ALWAYS_SEARCH_USER_PATHS = NO;
				CLANG_ANALYZER_NONNULL = YES;
				CLANG_ANALYZER_NUMBER_OBJECT_CONVERSION = YES_AGGRESSIVE;
				CLANG_CXX_LANGUAGE_STANDARD = "gnu++20";
				CLANG_ENABLE_MODULES = YES;
				CLANG_ENABLE_OBJC_ARC = YES;
				CLANG_ENABLE_OBJC_WEAK = YES;
				CLANG_WARN_BLOCK_CAPTURE_AUTORELEASING = YES;
				CLANG_WARN_BOOL_CONVERSION = YES;
				CLANG_WARN_COMMA = YES;
				CLANG_WARN_CONSTANT_CONVERSION = YES;
				CLANG_WARN_DEPRECATED_OBJC_IMPLEMENTATIONS = YES;
				CLANG_WARN_DIRECT_OBJC_ISA_USAGE = YES_ERROR;
				CLANG_WARN_DOCUMENTATION_COMMENTS = YES;
				CLANG_WARN_EMPTY_BODY = YES;
				CLANG_WARN_ENUM_CONVERSION = YES;
				CLANG_WARN_INFINITE_RECURSION = YES;
				CLANG_WARN_INT_CONVERSION = YES;
				CLANG_WARN_NON_LITERAL_NULL_CONVERSION = YES;
				CLANG_WARN_OBJC_IMPLICIT_RETAIN_SELF = YES;
				CLANG_WARN_OBJC_LITERAL_CONVERSION = YES;
				CLANG_WARN_OBJC_ROOT_CLASS = YES_ERROR;
				CLANG_WARN_QUOTED_INCLUDE_IN_FRAMEWORK_HEADER = YES;
				CLANG_WARN_RANGE_LOOP_ANALYSIS = YES;
				CLANG_WARN_STRICT_PROTOTYPES = YES;
				CLANG_WARN_SUSPICIOUS_MOVE = YES;
				CLANG_WARN_UNGUARDED_AVAILABILITY = YES_AGGRESSIVE;
				CLANG_WARN_UNREACHABLE_CODE = YES;
				CLANG_WARN__DUPLICATE_METHOD_MATCH = YES;
				COPY_PHASE_STRIP = NO;
				DEBUG_INFORMATION_FORMAT = dwarf;
				ENABLE_STRICT_OBJC_MSGSEND = YES;
				ENABLE_TESTABILITY = YES;
				GCC_C_LANGUAGE_STANDARD = gnu11;
				GCC_DYNAMIC_NO_PIC = NO;
				GCC_NO_COMMON_BLOCKS = YES;
				GCC_OPTIMIZATION_LEVEL = 0;
				GCC_PREPROCESSOR_DEFINITIONS = (
					"DEBUG=1",
					"$(inherited)",
				);
				GCC_WARN_64_TO_32_BIT_CONVERSION = YES;
				GCC_WARN_ABOUT_RETURN_TYPE = YES_ERROR;
				GCC_WARN_UNDECLARED_SELECTOR = YES;
				GCC_WARN_UNINITIALIZED_AUTOS = YES_AGGRESSIVE;
				GCC_WARN_UNUSED_FUNCTION = YES;
				GCC_WARN_UNUSED_VARIABLE = YES;
				IPHONEOS_DEPLOYMENT_TARGET = 16.4;
				MTL_ENABLE_DEBUG_INFO = INCLUDE_SOURCE;
				MTL_FAST_MATH = YES;
				ONLY_ACTIVE_ARCH = YES;
				SDKROOT = iphoneos;
				SWIFT_ACTIVE_COMPILATION_CONDITIONS = DEBUG;
				SWIFT_OPTIMIZATION_LEVEL = "-Onone";
			};
			name = Debug;
		};
		C9FDC8BA2AB0673E00E2172A /* Release */ = {
			isa = XCBuildConfiguration;
			buildSettings = {
				ALWAYS_SEARCH_USER_PATHS = NO;
				CLANG_ANALYZER_NONNULL = YES;
				CLANG_ANALYZER_NUMBER_OBJECT_CONVERSION = YES_AGGRESSIVE;
				CLANG_CXX_LANGUAGE_STANDARD = "gnu++20";
				CLANG_ENABLE_MODULES = YES;
				CLANG_ENABLE_OBJC_ARC = YES;
				CLANG_ENABLE_OBJC_WEAK = YES;
				CLANG_WARN_BLOCK_CAPTURE_AUTORELEASING = YES;
				CLANG_WARN_BOOL_CONVERSION = YES;
				CLANG_WARN_COMMA = YES;
				CLANG_WARN_CONSTANT_CONVERSION = YES;
				CLANG_WARN_DEPRECATED_OBJC_IMPLEMENTATIONS = YES;
				CLANG_WARN_DIRECT_OBJC_ISA_USAGE = YES_ERROR;
				CLANG_WARN_DOCUMENTATION_COMMENTS = YES;
				CLANG_WARN_EMPTY_BODY = YES;
				CLANG_WARN_ENUM_CONVERSION = YES;
				CLANG_WARN_INFINITE_RECURSION = YES;
				CLANG_WARN_INT_CONVERSION = YES;
				CLANG_WARN_NON_LITERAL_NULL_CONVERSION = YES;
				CLANG_WARN_OBJC_IMPLICIT_RETAIN_SELF = YES;
				CLANG_WARN_OBJC_LITERAL_CONVERSION = YES;
				CLANG_WARN_OBJC_ROOT_CLASS = YES_ERROR;
				CLANG_WARN_QUOTED_INCLUDE_IN_FRAMEWORK_HEADER = YES;
				CLANG_WARN_RANGE_LOOP_ANALYSIS = YES;
				CLANG_WARN_STRICT_PROTOTYPES = YES;
				CLANG_WARN_SUSPICIOUS_MOVE = YES;
				CLANG_WARN_UNGUARDED_AVAILABILITY = YES_AGGRESSIVE;
				CLANG_WARN_UNREACHABLE_CODE = YES;
				CLANG_WARN__DUPLICATE_METHOD_MATCH = YES;
				COPY_PHASE_STRIP = NO;
				DEBUG_INFORMATION_FORMAT = "dwarf-with-dsym";
				ENABLE_NS_ASSERTIONS = NO;
				ENABLE_STRICT_OBJC_MSGSEND = YES;
				GCC_C_LANGUAGE_STANDARD = gnu11;
				GCC_NO_COMMON_BLOCKS = YES;
				GCC_WARN_64_TO_32_BIT_CONVERSION = YES;
				GCC_WARN_ABOUT_RETURN_TYPE = YES_ERROR;
				GCC_WARN_UNDECLARED_SELECTOR = YES;
				GCC_WARN_UNINITIALIZED_AUTOS = YES_AGGRESSIVE;
				GCC_WARN_UNUSED_FUNCTION = YES;
				GCC_WARN_UNUSED_VARIABLE = YES;
				IPHONEOS_DEPLOYMENT_TARGET = 16.4;
				MTL_ENABLE_DEBUG_INFO = NO;
				MTL_FAST_MATH = YES;
				SDKROOT = iphoneos;
				SWIFT_COMPILATION_MODE = wholemodule;
				SWIFT_OPTIMIZATION_LEVEL = "-O";
				VALIDATE_PRODUCT = YES;
			};
			name = Release;
		};
		C9FDC8BC2AB0673E00E2172A /* Debug */ = {
			isa = XCBuildConfiguration;
			buildSettings = {
				ASSETCATALOG_COMPILER_APPICON_NAME = AppIcon;
				ASSETCATALOG_COMPILER_GLOBAL_ACCENT_COLOR_NAME = AccentColor;
				CODE_SIGN_STYLE = Automatic;
				CURRENT_PROJECT_VERSION = 1;
				DEVELOPMENT_TEAM = 9AR7F497GV;
				GENERATE_INFOPLIST_FILE = YES;
				INFOPLIST_FILE = Billy/Info.plist;
				INFOPLIST_KEY_UIApplicationSupportsIndirectInputEvents = YES;
				INFOPLIST_KEY_UILaunchStoryboardName = LaunchScreen;
				INFOPLIST_KEY_UIMainStoryboardFile = Main;
				INFOPLIST_KEY_UISupportedInterfaceOrientations_iPad = "UIInterfaceOrientationPortrait UIInterfaceOrientationPortraitUpsideDown UIInterfaceOrientationLandscapeLeft UIInterfaceOrientationLandscapeRight";
				INFOPLIST_KEY_UISupportedInterfaceOrientations_iPhone = "UIInterfaceOrientationPortrait UIInterfaceOrientationLandscapeLeft UIInterfaceOrientationLandscapeRight";
				LD_RUNPATH_SEARCH_PATHS = (
					"$(inherited)",
					"@executable_path/Frameworks",
				);
				MARKETING_VERSION = 1.0;
				PRODUCT_BUNDLE_IDENTIFIER = com.buse.Billy;
				PRODUCT_NAME = "$(TARGET_NAME)";
				SWIFT_EMIT_LOC_STRINGS = YES;
				SWIFT_VERSION = 5.0;
				TARGETED_DEVICE_FAMILY = "1,2";
			};
			name = Debug;
		};
		C9FDC8BD2AB0673E00E2172A /* Release */ = {
			isa = XCBuildConfiguration;
			buildSettings = {
				ASSETCATALOG_COMPILER_APPICON_NAME = AppIcon;
				ASSETCATALOG_COMPILER_GLOBAL_ACCENT_COLOR_NAME = AccentColor;
				CODE_SIGN_STYLE = Automatic;
				CURRENT_PROJECT_VERSION = 1;
				DEVELOPMENT_TEAM = 9AR7F497GV;
				GENERATE_INFOPLIST_FILE = YES;
				INFOPLIST_FILE = Billy/Info.plist;
				INFOPLIST_KEY_UIApplicationSupportsIndirectInputEvents = YES;
				INFOPLIST_KEY_UILaunchStoryboardName = LaunchScreen;
				INFOPLIST_KEY_UIMainStoryboardFile = Main;
				INFOPLIST_KEY_UISupportedInterfaceOrientations_iPad = "UIInterfaceOrientationPortrait UIInterfaceOrientationPortraitUpsideDown UIInterfaceOrientationLandscapeLeft UIInterfaceOrientationLandscapeRight";
				INFOPLIST_KEY_UISupportedInterfaceOrientations_iPhone = "UIInterfaceOrientationPortrait UIInterfaceOrientationLandscapeLeft UIInterfaceOrientationLandscapeRight";
				LD_RUNPATH_SEARCH_PATHS = (
					"$(inherited)",
					"@executable_path/Frameworks",
				);
				MARKETING_VERSION = 1.0;
				PRODUCT_BUNDLE_IDENTIFIER = com.buse.Billy;
				PRODUCT_NAME = "$(TARGET_NAME)";
				SWIFT_EMIT_LOC_STRINGS = YES;
				SWIFT_VERSION = 5.0;
				TARGETED_DEVICE_FAMILY = "1,2";
			};
			name = Release;
		};
/* End XCBuildConfiguration section */

/* Begin XCConfigurationList section */
		C9FDC8A22AB0673D00E2172A /* Build configuration list for PBXProject "Billy" */ = {
			isa = XCConfigurationList;
			buildConfigurations = (
				C9FDC8B92AB0673E00E2172A /* Debug */,
				C9FDC8BA2AB0673E00E2172A /* Release */,
			);
			defaultConfigurationIsVisible = 0;
			defaultConfigurationName = Release;
		};
		C9FDC8BB2AB0673E00E2172A /* Build configuration list for PBXNativeTarget "Billy" */ = {
			isa = XCConfigurationList;
			buildConfigurations = (
				C9FDC8BC2AB0673E00E2172A /* Debug */,
				C9FDC8BD2AB0673E00E2172A /* Release */,
			);
			defaultConfigurationIsVisible = 0;
			defaultConfigurationName = Release;
		};
/* End XCConfigurationList section */
	};
	rootObject = C9FDC89F2AB0673D00E2172A /* Project object */;
}
